// !$*UTF8*$!
{
	archiveVersion = 1;
	classes = {
	};
	objectVersion = 46;
	objects = {

/* Begin PBXBuildFile section */
		68C9E7A019CF648900B9809D /* Tokenizer_tests.cc in Sources */ = {isa = PBXBuildFile; fileRef = 68C9E78819CF62B400B9809D /* Tokenizer_tests.cc */; };
		68C9E7A119CF649200B9809D /* Tokenizer.cc in Sources */ = {isa = PBXBuildFile; fileRef = 68C9E78919CF62B400B9809D /* Tokenizer.cc */; };
		68C9E7B019D1DC1C00B9809D /* VHDLSourceFile_tests.cc in Sources */ = {isa = PBXBuildFile; fileRef = 68C9E7A319D1DBB000B9809D /* VHDLSourceFile_tests.cc */; };
		68C9E7B119D1DC2000B9809D /* VHDLSourceFile.cc in Sources */ = {isa = PBXBuildFile; fileRef = 68C9E78E19CF62B400B9809D /* VHDLSourceFile.cc */; };
		68C9E7B219D1DC2400B9809D /* SourceFile.cc in Sources */ = {isa = PBXBuildFile; fileRef = 68C9E78619CF62B400B9809D /* SourceFile.cc */; };
		68C9E7B319D1DC2C00B9809D /* Tokenizer.cc in Sources */ = {isa = PBXBuildFile; fileRef = 68C9E78919CF62B400B9809D /* Tokenizer.cc */; };
		68C9E7B419D1FA2600B9809D /* Options.cc in Sources */ = {isa = PBXBuildFile; fileRef = 68C9E77F19CF62B400B9809D /* Options.cc */; };
		68C9E7B519D1FAF200B9809D /* utils.cc in Sources */ = {isa = PBXBuildFile; fileRef = 68C9E78C19CF62B400B9809D /* utils.cc */; };
		68F7780919E7014700BF866A /* MapQuery_tests.cc in Sources */ = {isa = PBXBuildFile; fileRef = 68F777FC19E700F500BF866A /* MapQuery_tests.cc */; };
		68F7781819E96EF600BF866A /* FileHandle.cc in Sources */ = {isa = PBXBuildFile; fileRef = 68F7780A19E9170300BF866A /* FileHandle.cc */; };
		68F7781919E96EF700BF866A /* FileHandle_tests.cc in Sources */ = {isa = PBXBuildFile; fileRef = 68F7780C19E96D4400BF866A /* FileHandle_tests.cc */; };
		68F7781A19E97BAA00BF866A /* utils.cc in Sources */ = {isa = PBXBuildFile; fileRef = 68C9E78C19CF62B400B9809D /* utils.cc */; };
		68F7782619E97BC400BF866A /* utils_tests.cc in Sources */ = {isa = PBXBuildFile; fileRef = 68C9E78B19CF62B400B9809D /* utils_tests.cc */; };
		68F7782719E97BC600BF866A /* utils.cc in Sources */ = {isa = PBXBuildFile; fileRef = 68C9E78C19CF62B400B9809D /* utils.cc */; };
/* End PBXBuildFile section */

/* Begin PBXCopyFilesBuildPhase section */
		68C9E79619CF642600B9809D /* CopyFiles */ = {
			isa = PBXCopyFilesBuildPhase;
			buildActionMask = 2147483647;
			dstPath = /usr/share/man/man1/;
			dstSubfolderSpec = 0;
			files = (
			);
			runOnlyForDeploymentPostprocessing = 1;
		};
		68C9E7A719D1DBF600B9809D /* CopyFiles */ = {
			isa = PBXCopyFilesBuildPhase;
			buildActionMask = 2147483647;
			dstPath = /usr/share/man/man1/;
			dstSubfolderSpec = 0;
			files = (
			);
			runOnlyForDeploymentPostprocessing = 1;
		};
		68F7780019E7013400BF866A /* CopyFiles */ = {
			isa = PBXCopyFilesBuildPhase;
			buildActionMask = 2147483647;
			dstPath = /usr/share/man/man1/;
			dstSubfolderSpec = 0;
			files = (
			);
			runOnlyForDeploymentPostprocessing = 1;
		};
		68F7780F19E96EDE00BF866A /* CopyFiles */ = {
			isa = PBXCopyFilesBuildPhase;
			buildActionMask = 2147483647;
			dstPath = /usr/share/man/man1/;
			dstSubfolderSpec = 0;
			files = (
			);
			runOnlyForDeploymentPostprocessing = 1;
		};
		68F7781D19E97BB900BF866A /* CopyFiles */ = {
			isa = PBXCopyFilesBuildPhase;
			buildActionMask = 2147483647;
			dstPath = /usr/share/man/man1/;
			dstSubfolderSpec = 0;
			files = (
			);
			runOnlyForDeploymentPostprocessing = 1;
		};
/* End PBXCopyFilesBuildPhase section */

/* Begin PBXFileReference section */
		68C9E77B19CF62B400B9809D /* config.h */ = {isa = PBXFileReference; fileEncoding = 4; lastKnownFileType = sourcecode.c.h; name = config.h; path = hurricane/config.h; sourceTree = "<group>"; };
		68C9E77C19CF62B400B9809D /* hurricane.cc */ = {isa = PBXFileReference; fileEncoding = 4; lastKnownFileType = sourcecode.cpp.cpp; name = hurricane.cc; path = hurricane/hurricane.cc; sourceTree = "<group>"; };
		68C9E77D19CF62B400B9809D /* Library.cc */ = {isa = PBXFileReference; fileEncoding = 4; lastKnownFileType = sourcecode.cpp.cpp; name = Library.cc; path = hurricane/Library.cc; sourceTree = "<group>"; };
		68C9E77E19CF62B400B9809D /* Library.h */ = {isa = PBXFileReference; fileEncoding = 4; lastKnownFileType = sourcecode.c.h; name = Library.h; path = hurricane/Library.h; sourceTree = "<group>"; };
		68C9E77F19CF62B400B9809D /* Options.cc */ = {isa = PBXFileReference; fileEncoding = 4; lastKnownFileType = sourcecode.cpp.cpp; name = Options.cc; path = hurricane/Options.cc; sourceTree = "<group>"; };
		68C9E78019CF62B400B9809D /* Options.h */ = {isa = PBXFileReference; fileEncoding = 4; lastKnownFileType = sourcecode.c.h; name = Options.h; path = hurricane/Options.h; sourceTree = "<group>"; };
		68C9E78419CF62B400B9809D /* Project.cc */ = {isa = PBXFileReference; fileEncoding = 4; lastKnownFileType = sourcecode.cpp.cpp; name = Project.cc; path = hurricane/Project.cc; sourceTree = "<group>"; };
		68C9E78519CF62B400B9809D /* Project.h */ = {isa = PBXFileReference; fileEncoding = 4; lastKnownFileType = sourcecode.c.h; name = Project.h; path = hurricane/Project.h; sourceTree = "<group>"; };
		68C9E78619CF62B400B9809D /* SourceFile.cc */ = {isa = PBXFileReference; fileEncoding = 4; lastKnownFileType = sourcecode.cpp.cpp; name = SourceFile.cc; path = hurricane/SourceFile.cc; sourceTree = "<group>"; };
		68C9E78719CF62B400B9809D /* SourceFile.h */ = {isa = PBXFileReference; fileEncoding = 4; lastKnownFileType = sourcecode.c.h; name = SourceFile.h; path = hurricane/SourceFile.h; sourceTree = "<group>"; };
		68C9E78819CF62B400B9809D /* Tokenizer_tests.cc */ = {isa = PBXFileReference; fileEncoding = 4; lastKnownFileType = sourcecode.cpp.cpp; name = Tokenizer_tests.cc; path = hurricane/Tokenizer_tests.cc; sourceTree = "<group>"; };
		68C9E78919CF62B400B9809D /* Tokenizer.cc */ = {isa = PBXFileReference; fileEncoding = 4; lastKnownFileType = sourcecode.cpp.cpp; name = Tokenizer.cc; path = hurricane/Tokenizer.cc; sourceTree = "<group>"; };
		68C9E78A19CF62B400B9809D /* Tokenizer.h */ = {isa = PBXFileReference; fileEncoding = 4; lastKnownFileType = sourcecode.c.h; name = Tokenizer.h; path = hurricane/Tokenizer.h; sourceTree = "<group>"; };
		68C9E78B19CF62B400B9809D /* utils_tests.cc */ = {isa = PBXFileReference; fileEncoding = 4; lastKnownFileType = sourcecode.cpp.cpp; name = utils_tests.cc; path = hurricane/utils_tests.cc; sourceTree = "<group>"; };
		68C9E78C19CF62B400B9809D /* utils.cc */ = {isa = PBXFileReference; fileEncoding = 4; lastKnownFileType = sourcecode.cpp.cpp; name = utils.cc; path = hurricane/utils.cc; sourceTree = "<group>"; };
		68C9E78D19CF62B400B9809D /* utils.h */ = {isa = PBXFileReference; fileEncoding = 4; lastKnownFileType = sourcecode.c.h; name = utils.h; path = hurricane/utils.h; sourceTree = "<group>"; };
		68C9E78E19CF62B400B9809D /* VHDLSourceFile.cc */ = {isa = PBXFileReference; fileEncoding = 4; lastKnownFileType = sourcecode.cpp.cpp; name = VHDLSourceFile.cc; path = hurricane/VHDLSourceFile.cc; sourceTree = "<group>"; };
		68C9E78F19CF62B400B9809D /* VHDLSourceFile.h */ = {isa = PBXFileReference; fileEncoding = 4; lastKnownFileType = sourcecode.c.h; name = VHDLSourceFile.h; path = hurricane/VHDLSourceFile.h; sourceTree = "<group>"; };
		68C9E79819CF642600B9809D /* Tokenizer_tests */ = {isa = PBXFileReference; explicitFileType = "compiled.mach-o.executable"; includeInIndex = 0; path = Tokenizer_tests; sourceTree = BUILT_PRODUCTS_DIR; };
		68C9E7A319D1DBB000B9809D /* VHDLSourceFile_tests.cc */ = {isa = PBXFileReference; fileEncoding = 4; lastKnownFileType = sourcecode.cpp.cpp; name = VHDLSourceFile_tests.cc; path = hurricane/VHDLSourceFile_tests.cc; sourceTree = "<group>"; };
		68C9E7A919D1DBF600B9809D /* VHDLSourceFile_tests */ = {isa = PBXFileReference; explicitFileType = "compiled.mach-o.executable"; includeInIndex = 0; path = VHDLSourceFile_tests; sourceTree = BUILT_PRODUCTS_DIR; };
		68C9E7AB19D1DBF600B9809D /* main.cpp */ = {isa = PBXFileReference; lastKnownFileType = sourcecode.cpp.cpp; path = main.cpp; sourceTree = "<group>"; };
		68F777FA19E3B6A900BF866A /* MapQuery.h */ = {isa = PBXFileReference; fileEncoding = 4; lastKnownFileType = sourcecode.c.h; name = MapQuery.h; path = hurricane/MapQuery.h; sourceTree = "<group>"; };
		68F777FC19E700F500BF866A /* MapQuery_tests.cc */ = {isa = PBXFileReference; fileEncoding = 4; lastKnownFileType = sourcecode.cpp.cpp; name = MapQuery_tests.cc; path = hurricane/MapQuery_tests.cc; sourceTree = "<group>"; };
		68F7780219E7013400BF866A /* MapQuery_tests */ = {isa = PBXFileReference; explicitFileType = "compiled.mach-o.executable"; includeInIndex = 0; path = MapQuery_tests; sourceTree = BUILT_PRODUCTS_DIR; };
		68F7780419E7013400BF866A /* main.cpp */ = {isa = PBXFileReference; lastKnownFileType = sourcecode.cpp.cpp; path = main.cpp; sourceTree = "<group>"; };
		68F7780A19E9170300BF866A /* FileHandle.cc */ = {isa = PBXFileReference; lastKnownFileType = sourcecode.cpp.cpp; name = FileHandle.cc; path = hurricane/FileHandle.cc; sourceTree = "<group>"; };
		68F7780B19E9170300BF866A /* FileHandle.h */ = {isa = PBXFileReference; lastKnownFileType = sourcecode.c.h; name = FileHandle.h; path = hurricane/FileHandle.h; sourceTree = "<group>"; };
		68F7780C19E96D4400BF866A /* FileHandle_tests.cc */ = {isa = PBXFileReference; lastKnownFileType = sourcecode.cpp.cpp; name = FileHandle_tests.cc; path = hurricane/FileHandle_tests.cc; sourceTree = "<group>"; };
		68F7781119E96EDE00BF866A /* FileHandle_tests */ = {isa = PBXFileReference; explicitFileType = "compiled.mach-o.executable"; includeInIndex = 0; path = FileHandle_tests; sourceTree = BUILT_PRODUCTS_DIR; };
		68F7781319E96EDE00BF866A /* main.cpp */ = {isa = PBXFileReference; lastKnownFileType = sourcecode.cpp.cpp; path = main.cpp; sourceTree = "<group>"; };
		68F7781F19E97BB900BF866A /* utils_tests */ = {isa = PBXFileReference; explicitFileType = "compiled.mach-o.executable"; includeInIndex = 0; path = utils_tests; sourceTree = BUILT_PRODUCTS_DIR; };
		68F7782119E97BB900BF866A /* main.cpp */ = {isa = PBXFileReference; lastKnownFileType = sourcecode.cpp.cpp; path = main.cpp; sourceTree = "<group>"; };
/* End PBXFileReference section */

/* Begin PBXFrameworksBuildPhase section */
		68C9E79519CF642600B9809D /* Frameworks */ = {
			isa = PBXFrameworksBuildPhase;
			buildActionMask = 2147483647;
			files = (
			);
			runOnlyForDeploymentPostprocessing = 0;
		};
		68C9E7A619D1DBF600B9809D /* Frameworks */ = {
			isa = PBXFrameworksBuildPhase;
			buildActionMask = 2147483647;
			files = (
			);
			runOnlyForDeploymentPostprocessing = 0;
		};
		68F777FF19E7013400BF866A /* Frameworks */ = {
			isa = PBXFrameworksBuildPhase;
			buildActionMask = 2147483647;
			files = (
			);
			runOnlyForDeploymentPostprocessing = 0;
		};
		68F7780E19E96EDE00BF866A /* Frameworks */ = {
			isa = PBXFrameworksBuildPhase;
			buildActionMask = 2147483647;
			files = (
			);
			runOnlyForDeploymentPostprocessing = 0;
		};
		68F7781C19E97BB900BF866A /* Frameworks */ = {
			isa = PBXFrameworksBuildPhase;
			buildActionMask = 2147483647;
			files = (
			);
			runOnlyForDeploymentPostprocessing = 0;
		};
/* End PBXFrameworksBuildPhase section */

/* Begin PBXGroup section */
		68C9E77019CF5FAF00B9809D = {
			isa = PBXGroup;
			children = (
				68C9E7A219D0B24500B9809D /* SourceFiles */,
				68C9E79219CF635200B9809D /* Source */,
				68C9E79319CF636B00B9809D /* Test Source */,
				68C9E79119CF633B00B9809D /* Test Targets */,
				68C9E79019CF633200B9809D /* Targets */,
				68C9E7AA19D1DBF600B9809D /* VHDLSourceFile_tests */,
				68F7780319E7013400BF866A /* MapQuery_tests */,
				68F7781219E96EDE00BF866A /* FileHandle_tests */,
				68F7782019E97BB900BF866A /* utils_tests */,
				68C9E79919CF642600B9809D /* Products */,
			);
			sourceTree = "<group>";
		};
		68C9E79019CF633200B9809D /* Targets */ = {
			isa = PBXGroup;
			children = (
			);
			name = Targets;
			sourceTree = "<group>";
		};
		68C9E79119CF633B00B9809D /* Test Targets */ = {
			isa = PBXGroup;
			children = (
			);
			name = "Test Targets";
			sourceTree = "<group>";
		};
		68C9E79219CF635200B9809D /* Source */ = {
			isa = PBXGroup;
			children = (
				68F7780C19E96D4400BF866A /* FileHandle_tests.cc */,
				68F7780A19E9170300BF866A /* FileHandle.cc */,
				68F7780B19E9170300BF866A /* FileHandle.h */,
				68F777FC19E700F500BF866A /* MapQuery_tests.cc */,
				68F777FA19E3B6A900BF866A /* MapQuery.h */,
				68C9E77B19CF62B400B9809D /* config.h */,
				68C9E77C19CF62B400B9809D /* hurricane.cc */,
				68C9E77D19CF62B400B9809D /* Library.cc */,
				68C9E77E19CF62B400B9809D /* Library.h */,
				68C9E77F19CF62B400B9809D /* Options.cc */,
				68C9E78019CF62B400B9809D /* Options.h */,
				68C9E78419CF62B400B9809D /* Project.cc */,
				68C9E78519CF62B400B9809D /* Project.h */,
				68C9E78819CF62B400B9809D /* Tokenizer_tests.cc */,
				68C9E78919CF62B400B9809D /* Tokenizer.cc */,
				68C9E78A19CF62B400B9809D /* Tokenizer.h */,
				68C9E78B19CF62B400B9809D /* utils_tests.cc */,
				68C9E78C19CF62B400B9809D /* utils.cc */,
				68C9E78D19CF62B400B9809D /* utils.h */,
			);
			name = Source;
			sourceTree = "<group>";
		};
		68C9E79319CF636B00B9809D /* Test Source */ = {
			isa = PBXGroup;
			children = (
			);
			name = "Test Source";
			sourceTree = "<group>";
		};
		68C9E79919CF642600B9809D /* Products */ = {
			isa = PBXGroup;
			children = (
				68C9E79819CF642600B9809D /* Tokenizer_tests */,
				68C9E7A919D1DBF600B9809D /* VHDLSourceFile_tests */,
				68F7780219E7013400BF866A /* MapQuery_tests */,
				68F7781119E96EDE00BF866A /* FileHandle_tests */,
				68F7781F19E97BB900BF866A /* utils_tests */,
			);
			name = Products;
			sourceTree = "<group>";
		};
		68C9E7A219D0B24500B9809D /* SourceFiles */ = {
			isa = PBXGroup;
			children = (
				68C9E78619CF62B400B9809D /* SourceFile.cc */,
				68C9E78719CF62B400B9809D /* SourceFile.h */,
				68C9E7A319D1DBB000B9809D /* VHDLSourceFile_tests.cc */,
				68C9E78E19CF62B400B9809D /* VHDLSourceFile.cc */,
				68C9E78F19CF62B400B9809D /* VHDLSourceFile.h */,
			);
			name = SourceFiles;
			sourceTree = "<group>";
		};
		68C9E7AA19D1DBF600B9809D /* VHDLSourceFile_tests */ = {
			isa = PBXGroup;
			children = (
				68C9E7AB19D1DBF600B9809D /* main.cpp */,
			);
			path = VHDLSourceFile_tests;
			sourceTree = "<group>";
		};
		68F7780319E7013400BF866A /* MapQuery_tests */ = {
			isa = PBXGroup;
			children = (
				68F7780419E7013400BF866A /* main.cpp */,
			);
			path = MapQuery_tests;
			sourceTree = "<group>";
		};
		68F7781219E96EDE00BF866A /* FileHandle_tests */ = {
			isa = PBXGroup;
			children = (
				68F7781319E96EDE00BF866A /* main.cpp */,
			);
			path = FileHandle_tests;
			sourceTree = "<group>";
		};
		68F7782019E97BB900BF866A /* utils_tests */ = {
			isa = PBXGroup;
			children = (
				68F7782119E97BB900BF866A /* main.cpp */,
			);
			path = utils_tests;
			sourceTree = "<group>";
		};
/* End PBXGroup section */

/* Begin PBXNativeTarget section */
		68C9E79719CF642600B9809D /* Tokenizer_tests */ = {
			isa = PBXNativeTarget;
			buildConfigurationList = 68C9E79D19CF642600B9809D /* Build configuration list for PBXNativeTarget "Tokenizer_tests" */;
			buildPhases = (
				68C9E79419CF642600B9809D /* Sources */,
				68C9E79519CF642600B9809D /* Frameworks */,
				68C9E79619CF642600B9809D /* CopyFiles */,
			);
			buildRules = (
			);
			dependencies = (
			);
			name = Tokenizer_tests;
			productName = Tokenizer_tests;
			productReference = 68C9E79819CF642600B9809D /* Tokenizer_tests */;
			productType = "com.apple.product-type.tool";
		};
		68C9E7A819D1DBF600B9809D /* VHDLSourceFile_tests */ = {
			isa = PBXNativeTarget;
			buildConfigurationList = 68C9E7AD19D1DBF600B9809D /* Build configuration list for PBXNativeTarget "VHDLSourceFile_tests" */;
			buildPhases = (
				68C9E7A519D1DBF600B9809D /* Sources */,
				68C9E7A619D1DBF600B9809D /* Frameworks */,
				68C9E7A719D1DBF600B9809D /* CopyFiles */,
			);
			buildRules = (
			);
			dependencies = (
			);
			name = VHDLSourceFile_tests;
			productName = VHDLSourceFile_tests;
			productReference = 68C9E7A919D1DBF600B9809D /* VHDLSourceFile_tests */;
			productType = "com.apple.product-type.tool";
		};
		68F7780119E7013400BF866A /* MapQuery_tests */ = {
			isa = PBXNativeTarget;
			buildConfigurationList = 68F7780619E7013400BF866A /* Build configuration list for PBXNativeTarget "MapQuery_tests" */;
			buildPhases = (
				68F777FE19E7013400BF866A /* Sources */,
				68F777FF19E7013400BF866A /* Frameworks */,
				68F7780019E7013400BF866A /* CopyFiles */,
			);
			buildRules = (
			);
			dependencies = (
			);
			name = MapQuery_tests;
			productName = MapQuery_tests;
			productReference = 68F7780219E7013400BF866A /* MapQuery_tests */;
			productType = "com.apple.product-type.tool";
		};
		68F7781019E96EDE00BF866A /* FileHandle_tests */ = {
			isa = PBXNativeTarget;
			buildConfigurationList = 68F7781519E96EDE00BF866A /* Build configuration list for PBXNativeTarget "FileHandle_tests" */;
			buildPhases = (
				68F7780D19E96EDE00BF866A /* Sources */,
				68F7780E19E96EDE00BF866A /* Frameworks */,
				68F7780F19E96EDE00BF866A /* CopyFiles */,
			);
			buildRules = (
			);
			dependencies = (
			);
			name = FileHandle_tests;
			productName = FileHandle_tests;
			productReference = 68F7781119E96EDE00BF866A /* FileHandle_tests */;
			productType = "com.apple.product-type.tool";
		};
		68F7781E19E97BB900BF866A /* utils_tests */ = {
			isa = PBXNativeTarget;
			buildConfigurationList = 68F7782319E97BB900BF866A /* Build configuration list for PBXNativeTarget "utils_tests" */;
			buildPhases = (
				68F7781B19E97BB900BF866A /* Sources */,
				68F7781C19E97BB900BF866A /* Frameworks */,
				68F7781D19E97BB900BF866A /* CopyFiles */,
			);
			buildRules = (
			);
			dependencies = (
			);
			name = utils_tests;
			productName = utils_tests;
			productReference = 68F7781F19E97BB900BF866A /* utils_tests */;
			productType = "com.apple.product-type.tool";
		};
/* End PBXNativeTarget section */

/* Begin PBXProject section */
		68C9E77119CF5FAF00B9809D /* Project object */ = {
			isa = PBXProject;
			attributes = {
				LastUpgradeCheck = 0600;
				ORGANIZATIONNAME = VOSGAMES;
				TargetAttributes = {
					68C9E79719CF642600B9809D = {
						CreatedOnToolsVersion = 6.0.1;
					};
					68C9E7A819D1DBF600B9809D = {
						CreatedOnToolsVersion = 6.0.1;
					};
					68F7780119E7013400BF866A = {
						CreatedOnToolsVersion = 6.0.1;
					};
					68F7781019E96EDE00BF866A = {
						CreatedOnToolsVersion = 6.0.1;
					};
					68F7781E19E97BB900BF866A = {
						CreatedOnToolsVersion = 6.0.1;
					};
				};
			};
			buildConfigurationList = 68C9E77419CF5FAF00B9809D /* Build configuration list for PBXProject "hurricane" */;
			compatibilityVersion = "Xcode 3.2";
			developmentRegion = English;
			hasScannedForEncodings = 0;
			knownRegions = (
				en,
			);
			mainGroup = 68C9E77019CF5FAF00B9809D;
			productRefGroup = 68C9E79919CF642600B9809D /* Products */;
			projectDirPath = "";
			projectRoot = "";
			targets = (
				68C9E79719CF642600B9809D /* Tokenizer_tests */,
				68C9E7A819D1DBF600B9809D /* VHDLSourceFile_tests */,
				68F7780119E7013400BF866A /* MapQuery_tests */,
				68F7781019E96EDE00BF866A /* FileHandle_tests */,
				68F7781E19E97BB900BF866A /* utils_tests */,
			);
		};
/* End PBXProject section */

/* Begin PBXSourcesBuildPhase section */
		68C9E79419CF642600B9809D /* Sources */ = {
			isa = PBXSourcesBuildPhase;
			buildActionMask = 2147483647;
			files = (
				68C9E7A019CF648900B9809D /* Tokenizer_tests.cc in Sources */,
				68C9E7A119CF649200B9809D /* Tokenizer.cc in Sources */,
			);
			runOnlyForDeploymentPostprocessing = 0;
		};
		68C9E7A519D1DBF600B9809D /* Sources */ = {
			isa = PBXSourcesBuildPhase;
			buildActionMask = 2147483647;
			files = (
				68C9E7B019D1DC1C00B9809D /* VHDLSourceFile_tests.cc in Sources */,
				68C9E7B119D1DC2000B9809D /* VHDLSourceFile.cc in Sources */,
				68C9E7B319D1DC2C00B9809D /* Tokenizer.cc in Sources */,
				68C9E7B519D1FAF200B9809D /* utils.cc in Sources */,
				68C9E7B219D1DC2400B9809D /* SourceFile.cc in Sources */,
				68C9E7B419D1FA2600B9809D /* Options.cc in Sources */,
			);
			runOnlyForDeploymentPostprocessing = 0;
		};
		68F777FE19E7013400BF866A /* Sources */ = {
			isa = PBXSourcesBuildPhase;
			buildActionMask = 2147483647;
			files = (
				68F7780919E7014700BF866A /* MapQuery_tests.cc in Sources */,
			);
			runOnlyForDeploymentPostprocessing = 0;
		};
		68F7780D19E96EDE00BF866A /* Sources */ = {
			isa = PBXSourcesBuildPhase;
			buildActionMask = 2147483647;
			files = (
				68F7781819E96EF600BF866A /* FileHandle.cc in Sources */,
				68F7781919E96EF700BF866A /* FileHandle_tests.cc in Sources */,
				68F7781A19E97BAA00BF866A /* utils.cc in Sources */,
			);
			runOnlyForDeploymentPostprocessing = 0;
		};
		68F7781B19E97BB900BF866A /* Sources */ = {
			isa = PBXSourcesBuildPhase;
			buildActionMask = 2147483647;
			files = (
				68F7782619E97BC400BF866A /* utils_tests.cc in Sources */,
				68F7782719E97BC600BF866A /* utils.cc in Sources */,
			);
			runOnlyForDeploymentPostprocessing = 0;
		};
/* End PBXSourcesBuildPhase section */

/* Begin XCBuildConfiguration section */
		68C9E77619CF5FAF00B9809D /* Debug */ = {
			isa = XCBuildConfiguration;
			buildSettings = {
				ALWAYS_SEARCH_USER_PATHS = NO;
				CLANG_CXX_LANGUAGE_STANDARD = "gnu++14";
				CLANG_CXX_LIBRARY = "libc++";
				CLANG_ENABLE_MODULES = YES;
				CLANG_ENABLE_OBJC_ARC = YES;
				CLANG_WARN_BOOL_CONVERSION = YES;
				CLANG_WARN_CONSTANT_CONVERSION = YES;
				CLANG_WARN_DIRECT_OBJC_ISA_USAGE = YES_ERROR;
				CLANG_WARN_EMPTY_BODY = YES;
				CLANG_WARN_ENUM_CONVERSION = YES;
				CLANG_WARN_INT_CONVERSION = YES;
				CLANG_WARN_OBJC_ROOT_CLASS = YES_ERROR;
				CLANG_WARN_UNREACHABLE_CODE = YES;
				CLANG_WARN__DUPLICATE_METHOD_MATCH = YES;
				COPY_PHASE_STRIP = NO;
				ENABLE_STRICT_OBJC_MSGSEND = YES;
				GCC_C_LANGUAGE_STANDARD = gnu99;
				GCC_DYNAMIC_NO_PIC = NO;
				GCC_OPTIMIZATION_LEVEL = 0;
				GCC_PREPROCESSOR_DEFINITIONS = BOOST_ALL_DYN_LINK;
				GCC_SYMBOLS_PRIVATE_EXTERN = NO;
				GCC_WARN_64_TO_32_BIT_CONVERSION = YES;
				GCC_WARN_ABOUT_RETURN_TYPE = YES_ERROR;
				GCC_WARN_UNDECLARED_SELECTOR = YES;
				GCC_WARN_UNINITIALIZED_AUTOS = YES_AGGRESSIVE;
				GCC_WARN_UNUSED_FUNCTION = YES;
				GCC_WARN_UNUSED_VARIABLE = YES;
				HEADER_SEARCH_PATHS = (
					"$(inherited)",
					/Applications/Xcode.app/Contents/Developer/Toolchains/XcodeDefault.xctoolchain/usr/include,
					/usr/local/include,
				);
				MACOSX_DEPLOYMENT_TARGET = 10.9;
				MTL_ENABLE_DEBUG_INFO = YES;
				ONLY_ACTIVE_ARCH = YES;
				SDKROOT = macosx;
			};
			name = Debug;
		};
		68C9E77719CF5FAF00B9809D /* Release */ = {
			isa = XCBuildConfiguration;
			buildSettings = {
				ALWAYS_SEARCH_USER_PATHS = NO;
				CLANG_CXX_LANGUAGE_STANDARD = "gnu++14";
				CLANG_CXX_LIBRARY = "libc++";
				CLANG_ENABLE_MODULES = YES;
				CLANG_ENABLE_OBJC_ARC = YES;
				CLANG_WARN_BOOL_CONVERSION = YES;
				CLANG_WARN_CONSTANT_CONVERSION = YES;
				CLANG_WARN_DIRECT_OBJC_ISA_USAGE = YES_ERROR;
				CLANG_WARN_EMPTY_BODY = YES;
				CLANG_WARN_ENUM_CONVERSION = YES;
				CLANG_WARN_INT_CONVERSION = YES;
				CLANG_WARN_OBJC_ROOT_CLASS = YES_ERROR;
				CLANG_WARN_UNREACHABLE_CODE = YES;
				CLANG_WARN__DUPLICATE_METHOD_MATCH = YES;
				COPY_PHASE_STRIP = YES;
				DEBUG_INFORMATION_FORMAT = "dwarf-with-dsym";
				ENABLE_NS_ASSERTIONS = NO;
				ENABLE_STRICT_OBJC_MSGSEND = YES;
				GCC_C_LANGUAGE_STANDARD = gnu99;
				GCC_PREPROCESSOR_DEFINITIONS = BOOST_ALL_DYN_LINK;
				GCC_WARN_64_TO_32_BIT_CONVERSION = YES;
				GCC_WARN_ABOUT_RETURN_TYPE = YES_ERROR;
				GCC_WARN_UNDECLARED_SELECTOR = YES;
				GCC_WARN_UNINITIALIZED_AUTOS = YES_AGGRESSIVE;
				GCC_WARN_UNUSED_FUNCTION = YES;
				GCC_WARN_UNUSED_VARIABLE = YES;
				HEADER_SEARCH_PATHS = (
					"$(inherited)",
					/Applications/Xcode.app/Contents/Developer/Toolchains/XcodeDefault.xctoolchain/usr/include,
					/usr/local/include,
				);
				MACOSX_DEPLOYMENT_TARGET = 10.9;
				MTL_ENABLE_DEBUG_INFO = NO;
				SDKROOT = macosx;
			};
			name = Release;
		};
		68C9E79E19CF642600B9809D /* Debug */ = {
			isa = XCBuildConfiguration;
			buildSettings = {
				OTHER_LDFLAGS = (
					"-lboost_filesystem",
					"-lboost_unit_test_framework",
					"-lboost_system",
					"-L/usr/local/lib",
				);
				PRODUCT_NAME = "$(TARGET_NAME)";
			};
			name = Debug;
		};
		68C9E79F19CF642600B9809D /* Release */ = {
			isa = XCBuildConfiguration;
			buildSettings = {
				OTHER_LDFLAGS = (
					"-lboost_filesystem",
					"-lboost_unit_test_framework",
					"-lboost_system",
					"-L/usr/local/lib",
				);
				PRODUCT_NAME = "$(TARGET_NAME)";
			};
			name = Release;
		};
		68C9E7AE19D1DBF600B9809D /* Debug */ = {
			isa = XCBuildConfiguration;
			buildSettings = {
				OTHER_LDFLAGS = (
					"-lboost_unit_test_framework",
					"-lboost_filesystem",
					"-lboost_system",
					"-L/usr/local/lib",
				);
				PRODUCT_NAME = "$(TARGET_NAME)";
			};
			name = Debug;
		};
		68C9E7AF19D1DBF600B9809D /* Release */ = {
			isa = XCBuildConfiguration;
			buildSettings = {
				OTHER_LDFLAGS = (
					"-lboost_unit_test_framework",
					"-lboost_filesystem",
					"-lboost_system",
					"-L/usr/local/lib",
				);
				PRODUCT_NAME = "$(TARGET_NAME)";
			};
			name = Release;
		};
		68F7780719E7013400BF866A /* Debug */ = {
			isa = XCBuildConfiguration;
			buildSettings = {
				GCC_PREPROCESSOR_DEFINITIONS = (
					"DEBUG=1",
					"$(inherited)",
				);
				OTHER_LDFLAGS = (
					"-lboost_unit_test_framework",
					"-lboost_filesystem",
					"-lboost_system",
					"-L/usr/local/lib",
				);
				PRODUCT_NAME = "$(TARGET_NAME)";
			};
			name = Debug;
		};
		68F7780819E7013400BF866A /* Release */ = {
			isa = XCBuildConfiguration;
			buildSettings = {
				OTHER_LDFLAGS = (
					"-lboost_unit_test_framework",
					"-lboost_filesystem",
					"-lboost_system",
					"-L/usr/local/lib",
				);
				PRODUCT_NAME = "$(TARGET_NAME)";
			};
			name = Release;
		};
		68F7781619E96EDE00BF866A /* Debug */ = {
			isa = XCBuildConfiguration;
			buildSettings = {
				CLANG_CXX_LANGUAGE_STANDARD = "gnu++0x";
				GCC_PREPROCESSOR_DEFINITIONS = (
					"DEBUG=1",
					"$(inherited)",
				);
				OTHER_LDFLAGS = (
					"-lboost_unit_test_framework",
					"-lboost_filesystem",
					"-lboost_system",
					"-L/usr/local/lib",
				);
				PRODUCT_NAME = "$(TARGET_NAME)";
			};
			name = Debug;
		};
		68F7781719E96EDE00BF866A /* Release */ = {
			isa = XCBuildConfiguration;
			buildSettings = {
				CLANG_CXX_LANGUAGE_STANDARD = "gnu++0x";
				OTHER_LDFLAGS = (
					"-lboost_unit_test_framework",
					"-lboost_filesystem",
					"-lboost_system",
					"-L/usr/local/lib",
				);
				PRODUCT_NAME = "$(TARGET_NAME)";
			};
			name = Release;
		};
		68F7782419E97BB900BF866A /* Debug */ = {
			isa = XCBuildConfiguration;
			buildSettings = {
				CLANG_CXX_LANGUAGE_STANDARD = "gnu++0x";
				GCC_PREPROCESSOR_DEFINITIONS = (
					"DEBUG=1",
					"$(inherited)",
				);
				OTHER_LDFLAGS = (
					"-lboost_unit_test_framework",
					"-lboost_filesystem",
					"-lboost_system",
					"-L/usr/local/lib",
				);
				PRODUCT_NAME = "$(TARGET_NAME)";
			};
			name = Debug;
		};
		68F7782519E97BB900BF866A /* Release */ = {
			isa = XCBuildConfiguration;
			buildSettings = {
				CLANG_CXX_LANGUAGE_STANDARD = "gnu++0x";
				OTHER_LDFLAGS = (
					"-lboost_unit_test_framework",
					"-lboost_filesystem",
					"-lboost_system",
					"-L/usr/local/lib",
				);
				PRODUCT_NAME = "$(TARGET_NAME)";
			};
			name = Release;
		};
/* End XCBuildConfiguration section */

/* Begin XCConfigurationList section */
		68C9E77419CF5FAF00B9809D /* Build configuration list for PBXProject "hurricane" */ = {
			isa = XCConfigurationList;
			buildConfigurations = (
				68C9E77619CF5FAF00B9809D /* Debug */,
				68C9E77719CF5FAF00B9809D /* Release */,
			);
			defaultConfigurationIsVisible = 0;
			defaultConfigurationName = Release;
		};
		68C9E79D19CF642600B9809D /* Build configuration list for PBXNativeTarget "Tokenizer_tests" */ = {
			isa = XCConfigurationList;
			buildConfigurations = (
				68C9E79E19CF642600B9809D /* Debug */,
				68C9E79F19CF642600B9809D /* Release */,
			);
			defaultConfigurationIsVisible = 0;
			defaultConfigurationName = Release;
		};
		68C9E7AD19D1DBF600B9809D /* Build configuration list for PBXNativeTarget "VHDLSourceFile_tests" */ = {
			isa = XCConfigurationList;
			buildConfigurations = (
				68C9E7AE19D1DBF600B9809D /* Debug */,
				68C9E7AF19D1DBF600B9809D /* Release */,
			);
			defaultConfigurationIsVisible = 0;
			defaultConfigurationName = Release;
		};
		68F7780619E7013400BF866A /* Build configuration list for PBXNativeTarget "MapQuery_tests" */ = {
			isa = XCConfigurationList;
			buildConfigurations = (
				68F7780719E7013400BF866A /* Debug */,
				68F7780819E7013400BF866A /* Release */,
			);
			defaultConfigurationIsVisible = 0;
		};
		68F7781519E96EDE00BF866A /* Build configuration list for PBXNativeTarget "FileHandle_tests" */ = {
			isa = XCConfigurationList;
			buildConfigurations = (
				68F7781619E96EDE00BF866A /* Debug */,
				68F7781719E96EDE00BF866A /* Release */,
			);
			defaultConfigurationIsVisible = 0;
		};
		68F7782319E97BB900BF866A /* Build configuration list for PBXNativeTarget "utils_tests" */ = {
			isa = XCConfigurationList;
			buildConfigurations = (
				68F7782419E97BB900BF866A /* Debug */,
				68F7782519E97BB900BF866A /* Release */,
			);
			defaultConfigurationIsVisible = 0;
		};
/* End XCConfigurationList section */
	};
	rootObject = 68C9E77119CF5FAF00B9809D /* Project object */;
}
